
Microsoft Visual Studio Solution File, Format Version 11.00
# Visual Studio 2010
Project("{FAE04EC0-301F-11D3-BF4B-00C04F79EFBC}") = "Assembly-CSharp-firstpass", "Assembly-CSharp-firstpass.csproj", "{a6d201a3-e929-6401-25fe-2e967d6df15a}"
EndProject
Project("{FAE04EC0-301F-11D3-BF4B-00C04F79EFBC}") = "Assembly-CSharp", "Assembly-CSharp.csproj", "{5ce54c8e-dea8-bb22-6964-711f01f638cf}"
EndProject
Project("{FAE04EC0-301F-11D3-BF4B-00C04F79EFBC}") = "Assembly-CSharp-Editor-firstpass", "Assembly-CSharp-Editor-firstpass.csproj", "{5f45ab3d-1e22-9866-6f0a-c5785376bb6d}"
EndProject
Global
	GlobalSection(SolutionConfigurationPlatforms) = preSolution
		Debug|Any CPU = Debug|Any CPU
	EndGlobalSection
	GlobalSection(ProjectConfigurationPlatforms) = postSolution
		{a6d201a3-e929-6401-25fe-2e967d6df15a}.Debug|Any CPU.ActiveCfg = Debug|Any CPU
		{a6d201a3-e929-6401-25fe-2e967d6df15a}.Debug|Any CPU.Build.0 = Debug|Any CPU
		{5ce54c8e-dea8-bb22-6964-711f01f638cf}.Debug|Any CPU.ActiveCfg = Debug|Any CPU
		{5ce54c8e-dea8-bb22-6964-711f01f638cf}.Debug|Any CPU.Build.0 = Debug|Any CPU
		{5f45ab3d-1e22-9866-6f0a-c5785376bb6d}.Debug|Any CPU.ActiveCfg = Debug|Any CPU
		{5f45ab3d-1e22-9866-6f0a-c5785376bb6d}.Debug|Any CPU.Build.0 = Debug|Any CPU
	EndGlobalSection
	GlobalSection(SolutionProperties) = preSolution
		HideSolutionNode = FALSE
	EndGlobalSection
EndGlobal
