
Microsoft Visual Studio Solution File, Format Version 11.00
# Visual Studio 2010
Project("{FAE04EC0-301F-11D3-BF4B-00C04F79EFBC}") = "Assembly-CSharp-firstpass", "Assembly-CSharp-firstpass.csproj", "{1b51f26c-2e16-9eb6-53f9-0803d289cd68}"
EndProject
Project("{FAE04EC0-301F-11D3-BF4B-00C04F79EFBC}") = "Assembly-CSharp", "Assembly-CSharp.csproj", "{6b6ccd3f-2fa3-3345-a44e-4e9e0333112f}"
EndProject
Project("{FAE04EC0-301F-11D3-BF4B-00C04F79EFBC}") = "Assembly-CSharp-Editor-firstpass", "Assembly-CSharp-Editor-firstpass.csproj", "{e623251d-cca4-1671-9da1-ba7c2e73d994}"
EndProject
Global
	GlobalSection(SolutionConfigurationPlatforms) = preSolution
		Debug|Any CPU = Debug|Any CPU
	EndGlobalSection
	GlobalSection(ProjectConfigurationPlatforms) = postSolution
		{1b51f26c-2e16-9eb6-53f9-0803d289cd68}.Debug|Any CPU.ActiveCfg = Debug|Any CPU
		{1b51f26c-2e16-9eb6-53f9-0803d289cd68}.Debug|Any CPU.Build.0 = Debug|Any CPU
		{6b6ccd3f-2fa3-3345-a44e-4e9e0333112f}.Debug|Any CPU.ActiveCfg = Debug|Any CPU
		{6b6ccd3f-2fa3-3345-a44e-4e9e0333112f}.Debug|Any CPU.Build.0 = Debug|Any CPU
		{e623251d-cca4-1671-9da1-ba7c2e73d994}.Debug|Any CPU.ActiveCfg = Debug|Any CPU
		{e623251d-cca4-1671-9da1-ba7c2e73d994}.Debug|Any CPU.Build.0 = Debug|Any CPU
	EndGlobalSection
	GlobalSection(SolutionProperties) = preSolution
		HideSolutionNode = FALSE
	EndGlobalSection
EndGlobal
